
Microsoft Visual Studio Solution File, Format Version 12.00
# Visual Studio Version 16
VisualStudioVersion = 16.0.28922.388
MinimumVisualStudioVersion = 10.0.40219.1
Project("{2150E333-8FDC-42A3-9474-1A3956D46DE8}") = "Solution Items", "Solution Items", "{9A7E940A-1562-48DB-9F73-C5DD20DC5218}"
	ProjectSection(SolutionItems) = preProject
		README.md = README.md
		todo.txt = todo.txt
	EndProjectSection
EndProject
Project("{FAE04EC0-301F-11D3-BF4B-00C04F79EFBC}") = "M_Partner_WPF", "M_Partner_WPF\M_Partner_WPF.csproj", "{14DFADDD-4EAD-4BFB-910D-B6A3ADF8AC52}"
EndProject
Project("{FAE04EC0-301F-11D3-BF4B-00C04F79EFBC}") = "M_AlkalmazasAPI", "M_AlkalmazasAPI\M_AlkalmazasAPI.csproj", "{4FC8D20F-86CF-4549-8D03-9FE4CE7E8093}"
EndProject
Project("{FAE04EC0-301F-11D3-BF4B-00C04F79EFBC}") = "M_Alkalmazas_WPF", "M_Alkalmazas_WPF\M_Alkalmazas_WPF.csproj", "{C6B96C6D-A56F-4017-A3EE-1094D7095964}"
EndProject
Project("{FAE04EC0-301F-11D3-BF4B-00C04F79EFBC}") = "S_ObjektumModel", "S_ObjektumModel\S_ObjektumModel.csproj", "{467A2FE7-82B3-4107-8DAC-1BD134D6B279}"
EndProject
Project("{2150E333-8FDC-42A3-9474-1A3956D46DE8}") = "SQL", "SQL", "{D56FB834-4B7B-4761-AA75-9F3B0769D6E9}"
	ProjectSection(SolutionItems) = preProject
		SQL\cikk_create.sql = SQL\cikk_create.sql
		SQL\partner_create.sql = SQL\partner_create.sql
	EndProjectSection
EndProject
Project("{FAE04EC0-301F-11D3-BF4B-00C04F79EFBC}") = "M_Komponensek_WPF", "M_Komponensek_WPF\M_Komponensek_WPF.csproj", "{9CD601A3-B9F4-442E-8912-B8B92E64FE9C}"
EndProject
Project("{2150E333-8FDC-42A3-9474-1A3956D46DE8}") = "Design", "Design", "{CF8B1ABA-A2E2-4EFF-B6A8-F7E0BA800695}"
	ProjectSection(SolutionItems) = preProject
		Design\Szerkezet.md = Design\Szerkezet.md
	EndProjectSection
EndProject
Project("{FAE04EC0-301F-11D3-BF4B-00C04F79EFBC}") = "M_Cikk_WPF", "M_Cikk_WPF\M_Cikk_WPF.csproj", "{59728DEF-5F75-4011-9646-23E13CCDEB23}"
EndProject
Project("{FAE04EC0-301F-11D3-BF4B-00C04F79EFBC}") = "M_Keszlet_WPF", "M_Keszlet_WPF\M_Keszlet_WPF.csproj", "{DBB8BBD5-42C6-4633-8009-ED0F0734DF0F}"
EndProject
Project("{FAE04EC0-301F-11D3-BF4B-00C04F79EFBC}") = "TesztAdat", "TesztAdat\TesztAdat.csproj", "{F19949F4-9439-48DB-93EB-B405D732A48E}"
EndProject
Project("{FAE04EC0-301F-11D3-BF4B-00C04F79EFBC}") = "UzletiLogika", "UzletiLogika\UzletiLogika.csproj", "{A660A00C-2E2A-4F58-A050-AFBEF17D0A36}"
EndProject
Project("{FAE04EC0-301F-11D3-BF4B-00C04F79EFBC}") = "Tarolas", "Tarolas\Tarolas.csproj", "{4CD6ECC8-C42C-48F0-9F92-E41AFEC99AFE}"
EndProject
Global
	GlobalSection(SolutionConfigurationPlatforms) = preSolution
		Debug|Any CPU = Debug|Any CPU
		Release|Any CPU = Release|Any CPU
	EndGlobalSection
	GlobalSection(ProjectConfigurationPlatforms) = postSolution
		{14DFADDD-4EAD-4BFB-910D-B6A3ADF8AC52}.Debug|Any CPU.ActiveCfg = Debug|Any CPU
		{14DFADDD-4EAD-4BFB-910D-B6A3ADF8AC52}.Debug|Any CPU.Build.0 = Debug|Any CPU
		{14DFADDD-4EAD-4BFB-910D-B6A3ADF8AC52}.Release|Any CPU.ActiveCfg = Release|Any CPU
		{14DFADDD-4EAD-4BFB-910D-B6A3ADF8AC52}.Release|Any CPU.Build.0 = Release|Any CPU
		{4FC8D20F-86CF-4549-8D03-9FE4CE7E8093}.Debug|Any CPU.ActiveCfg = Debug|Any CPU
		{4FC8D20F-86CF-4549-8D03-9FE4CE7E8093}.Debug|Any CPU.Build.0 = Debug|Any CPU
		{4FC8D20F-86CF-4549-8D03-9FE4CE7E8093}.Release|Any CPU.ActiveCfg = Release|Any CPU
		{4FC8D20F-86CF-4549-8D03-9FE4CE7E8093}.Release|Any CPU.Build.0 = Release|Any CPU
		{C6B96C6D-A56F-4017-A3EE-1094D7095964}.Debug|Any CPU.ActiveCfg = Debug|Any CPU
		{C6B96C6D-A56F-4017-A3EE-1094D7095964}.Debug|Any CPU.Build.0 = Debug|Any CPU
		{C6B96C6D-A56F-4017-A3EE-1094D7095964}.Release|Any CPU.ActiveCfg = Release|Any CPU
		{C6B96C6D-A56F-4017-A3EE-1094D7095964}.Release|Any CPU.Build.0 = Release|Any CPU
		{467A2FE7-82B3-4107-8DAC-1BD134D6B279}.Debug|Any CPU.ActiveCfg = Debug|Any CPU
		{467A2FE7-82B3-4107-8DAC-1BD134D6B279}.Debug|Any CPU.Build.0 = Debug|Any CPU
		{467A2FE7-82B3-4107-8DAC-1BD134D6B279}.Release|Any CPU.ActiveCfg = Release|Any CPU
		{467A2FE7-82B3-4107-8DAC-1BD134D6B279}.Release|Any CPU.Build.0 = Release|Any CPU
		{9CD601A3-B9F4-442E-8912-B8B92E64FE9C}.Debug|Any CPU.ActiveCfg = Debug|Any CPU
		{9CD601A3-B9F4-442E-8912-B8B92E64FE9C}.Debug|Any CPU.Build.0 = Debug|Any CPU
		{9CD601A3-B9F4-442E-8912-B8B92E64FE9C}.Release|Any CPU.ActiveCfg = Release|Any CPU
		{9CD601A3-B9F4-442E-8912-B8B92E64FE9C}.Release|Any CPU.Build.0 = Release|Any CPU
		{59728DEF-5F75-4011-9646-23E13CCDEB23}.Debug|Any CPU.ActiveCfg = Debug|Any CPU
		{59728DEF-5F75-4011-9646-23E13CCDEB23}.Debug|Any CPU.Build.0 = Debug|Any CPU
		{59728DEF-5F75-4011-9646-23E13CCDEB23}.Release|Any CPU.ActiveCfg = Release|Any CPU
		{59728DEF-5F75-4011-9646-23E13CCDEB23}.Release|Any CPU.Build.0 = Release|Any CPU
		{DBB8BBD5-42C6-4633-8009-ED0F0734DF0F}.Debug|Any CPU.ActiveCfg = Debug|Any CPU
		{DBB8BBD5-42C6-4633-8009-ED0F0734DF0F}.Debug|Any CPU.Build.0 = Debug|Any CPU
		{DBB8BBD5-42C6-4633-8009-ED0F0734DF0F}.Release|Any CPU.ActiveCfg = Release|Any CPU
		{DBB8BBD5-42C6-4633-8009-ED0F0734DF0F}.Release|Any CPU.Build.0 = Release|Any CPU
		{F19949F4-9439-48DB-93EB-B405D732A48E}.Debug|Any CPU.ActiveCfg = Debug|Any CPU
		{F19949F4-9439-48DB-93EB-B405D732A48E}.Debug|Any CPU.Build.0 = Debug|Any CPU
		{F19949F4-9439-48DB-93EB-B405D732A48E}.Release|Any CPU.ActiveCfg = Release|Any CPU
		{F19949F4-9439-48DB-93EB-B405D732A48E}.Release|Any CPU.Build.0 = Release|Any CPU
		{A660A00C-2E2A-4F58-A050-AFBEF17D0A36}.Debug|Any CPU.ActiveCfg = Debug|Any CPU
		{A660A00C-2E2A-4F58-A050-AFBEF17D0A36}.Debug|Any CPU.Build.0 = Debug|Any CPU
		{A660A00C-2E2A-4F58-A050-AFBEF17D0A36}.Release|Any CPU.ActiveCfg = Release|Any CPU
		{A660A00C-2E2A-4F58-A050-AFBEF17D0A36}.Release|Any CPU.Build.0 = Release|Any CPU
		{4CD6ECC8-C42C-48F0-9F92-E41AFEC99AFE}.Debug|Any CPU.ActiveCfg = Debug|Any CPU
		{4CD6ECC8-C42C-48F0-9F92-E41AFEC99AFE}.Debug|Any CPU.Build.0 = Debug|Any CPU
		{4CD6ECC8-C42C-48F0-9F92-E41AFEC99AFE}.Release|Any CPU.ActiveCfg = Release|Any CPU
		{4CD6ECC8-C42C-48F0-9F92-E41AFEC99AFE}.Release|Any CPU.Build.0 = Release|Any CPU
	EndGlobalSection
	GlobalSection(SolutionProperties) = preSolution
		HideSolutionNode = FALSE
	EndGlobalSection
	GlobalSection(ExtensibilityGlobals) = postSolution
		SolutionGuid = {CC2B3A96-9DB9-4216-9668-9EB64E0AA839}
	EndGlobalSection
EndGlobal
